
Microsoft Visual Studio Solution File, Format Version 12.00
# Visual Studio Version 16
VisualStudioVersion = 16.0.30717.126
MinimumVisualStudioVersion = 10.0.40219.1
Project("{FAE04EC0-301F-11D3-BF4B-00C04F79EFBC}") = "WPF", "Mvvm.Examples.Wpf\WPF.csproj", "{3AD01E6C-FEBF-4848-BC62-AFE6D371898F}"
EndProject
Project("{9A19103F-16F7-4668-BE54-9A1E7A4F7556}") = "WPFCore", "WpfCore\WPFCore.csproj", "{115E60C0-5FB7-45CA-BC0A-26246F5BAD84}"
EndProject
Project("{FAE04EC0-301F-11D3-BF4B-00C04F79EFBC}") = "UWP", "Mvvm.Examples.Uwp\UWP.csproj", "{C6BF54BE-0AC3-4BF5-B696-DDE94F5D7E6E}"
EndProject
Project("{2150E333-8FDC-42A3-9474-1A3956D46DE8}") = "Solution Items", "Solution Items", "{DC2263C9-DE09-47DE-9554-4C721BD1A883}"
	ProjectSection(SolutionItems) = preProject
		nuget.config = nuget.config
	EndProjectSection
EndProject
Global
	GlobalSection(SolutionConfigurationPlatforms) = preSolution
		Debug|Any CPU = Debug|Any CPU
		Debug|ARM = Debug|ARM
		Debug|ARM64 = Debug|ARM64
		Debug|x64 = Debug|x64
		Debug|x86 = Debug|x86
		Release|Any CPU = Release|Any CPU
		Release|ARM = Release|ARM
		Release|ARM64 = Release|ARM64
		Release|x64 = Release|x64
		Release|x86 = Release|x86
	EndGlobalSection
	GlobalSection(ProjectConfigurationPlatforms) = postSolution
		{3AD01E6C-FEBF-4848-BC62-AFE6D371898F}.Debug|Any CPU.ActiveCfg = Debug|Any CPU
		{3AD01E6C-FEBF-4848-BC62-AFE6D371898F}.Debug|Any CPU.Build.0 = Debug|Any CPU
		{3AD01E6C-FEBF-4848-BC62-AFE6D371898F}.Debug|ARM.ActiveCfg = Debug|Any CPU
		{3AD01E6C-FEBF-4848-BC62-AFE6D371898F}.Debug|ARM.Build.0 = Debug|Any CPU
		{3AD01E6C-FEBF-4848-BC62-AFE6D371898F}.Debug|ARM64.ActiveCfg = Debug|Any CPU
		{3AD01E6C-FEBF-4848-BC62-AFE6D371898F}.Debug|ARM64.Build.0 = Debug|Any CPU
		{3AD01E6C-FEBF-4848-BC62-AFE6D371898F}.Debug|x64.ActiveCfg = Debug|Any CPU
		{3AD01E6C-FEBF-4848-BC62-AFE6D371898F}.Debug|x64.Build.0 = Debug|Any CPU
		{3AD01E6C-FEBF-4848-BC62-AFE6D371898F}.Debug|x86.ActiveCfg = Debug|Any CPU
		{3AD01E6C-FEBF-4848-BC62-AFE6D371898F}.Debug|x86.Build.0 = Debug|Any CPU
		{3AD01E6C-FEBF-4848-BC62-AFE6D371898F}.Release|Any CPU.ActiveCfg = Release|Any CPU
		{3AD01E6C-FEBF-4848-BC62-AFE6D371898F}.Release|Any CPU.Build.0 = Release|Any CPU
		{3AD01E6C-FEBF-4848-BC62-AFE6D371898F}.Release|ARM.ActiveCfg = Release|Any CPU
		{3AD01E6C-FEBF-4848-BC62-AFE6D371898F}.Release|ARM.Build.0 = Release|Any CPU
		{3AD01E6C-FEBF-4848-BC62-AFE6D371898F}.Release|ARM64.ActiveCfg = Release|Any CPU
		{3AD01E6C-FEBF-4848-BC62-AFE6D371898F}.Release|ARM64.Build.0 = Release|Any CPU
		{3AD01E6C-FEBF-4848-BC62-AFE6D371898F}.Release|x64.ActiveCfg = Release|Any CPU
		{3AD01E6C-FEBF-4848-BC62-AFE6D371898F}.Release|x64.Build.0 = Release|Any CPU
		{3AD01E6C-FEBF-4848-BC62-AFE6D371898F}.Release|x86.ActiveCfg = Release|Any CPU
		{3AD01E6C-FEBF-4848-BC62-AFE6D371898F}.Release|x86.Build.0 = Release|Any CPU
		{115E60C0-5FB7-45CA-BC0A-26246F5BAD84}.Debug|Any CPU.ActiveCfg = Debug|Any CPU
		{115E60C0-5FB7-45CA-BC0A-26246F5BAD84}.Debug|Any CPU.Build.0 = Debug|Any CPU
		{115E60C0-5FB7-45CA-BC0A-26246F5BAD84}.Debug|ARM.ActiveCfg = Debug|Any CPU
		{115E60C0-5FB7-45CA-BC0A-26246F5BAD84}.Debug|ARM.Build.0 = Debug|Any CPU
		{115E60C0-5FB7-45CA-BC0A-26246F5BAD84}.Debug|ARM64.ActiveCfg = Debug|Any CPU
		{115E60C0-5FB7-45CA-BC0A-26246F5BAD84}.Debug|ARM64.Build.0 = Debug|Any CPU
		{115E60C0-5FB7-45CA-BC0A-26246F5BAD84}.Debug|x64.ActiveCfg = Debug|Any CPU
		{115E60C0-5FB7-45CA-BC0A-26246F5BAD84}.Debug|x64.Build.0 = Debug|Any CPU
		{115E60C0-5FB7-45CA-BC0A-26246F5BAD84}.Debug|x86.ActiveCfg = Debug|Any CPU
		{115E60C0-5FB7-45CA-BC0A-26246F5BAD84}.Debug|x86.Build.0 = Debug|Any CPU
		{115E60C0-5FB7-45CA-BC0A-26246F5BAD84}.Release|Any CPU.ActiveCfg = Release|Any CPU
		{115E60C0-5FB7-45CA-BC0A-26246F5BAD84}.Release|Any CPU.Build.0 = Release|Any CPU
		{115E60C0-5FB7-45CA-BC0A-26246F5BAD84}.Release|ARM.ActiveCfg = Release|Any CPU
		{115E60C0-5FB7-45CA-BC0A-26246F5BAD84}.Release|ARM.Build.0 = Release|Any CPU
		{115E60C0-5FB7-45CA-BC0A-26246F5BAD84}.Release|ARM64.ActiveCfg = Release|Any CPU
		{115E60C0-5FB7-45CA-BC0A-26246F5BAD84}.Release|ARM64.Build.0 = Release|Any CPU
		{115E60C0-5FB7-45CA-BC0A-26246F5BAD84}.Release|x64.ActiveCfg = Release|Any CPU
		{115E60C0-5FB7-45CA-BC0A-26246F5BAD84}.Release|x64.Build.0 = Release|Any CPU
		{115E60C0-5FB7-45CA-BC0A-26246F5BAD84}.Release|x86.ActiveCfg = Release|Any CPU
		{115E60C0-5FB7-45CA-BC0A-26246F5BAD84}.Release|x86.Build.0 = Release|Any CPU
		{C6BF54BE-0AC3-4BF5-B696-DDE94F5D7E6E}.Debug|Any CPU.ActiveCfg = Debug|x86
		{C6BF54BE-0AC3-4BF5-B696-DDE94F5D7E6E}.Debug|ARM.ActiveCfg = Debug|ARM
		{C6BF54BE-0AC3-4BF5-B696-DDE94F5D7E6E}.Debug|ARM.Build.0 = Debug|ARM
		{C6BF54BE-0AC3-4BF5-B696-DDE94F5D7E6E}.Debug|ARM.Deploy.0 = Debug|ARM
		{C6BF54BE-0AC3-4BF5-B696-DDE94F5D7E6E}.Debug|ARM64.ActiveCfg = Debug|ARM64
		{C6BF54BE-0AC3-4BF5-B696-DDE94F5D7E6E}.Debug|ARM64.Build.0 = Debug|ARM64
		{C6BF54BE-0AC3-4BF5-B696-DDE94F5D7E6E}.Debug|ARM64.Deploy.0 = Debug|ARM64
		{C6BF54BE-0AC3-4BF5-B696-DDE94F5D7E6E}.Debug|x64.ActiveCfg = Debug|x64
		{C6BF54BE-0AC3-4BF5-B696-DDE94F5D7E6E}.Debug|x64.Build.0 = Debug|x64
		{C6BF54BE-0AC3-4BF5-B696-DDE94F5D7E6E}.Debug|x64.Deploy.0 = Debug|x64
		{C6BF54BE-0AC3-4BF5-B696-DDE94F5D7E6E}.Debug|x86.ActiveCfg = Debug|x86
		{C6BF54BE-0AC3-4BF5-B696-DDE94F5D7E6E}.Debug|x86.Build.0 = Debug|x86
		{C6BF54BE-0AC3-4BF5-B696-DDE94F5D7E6E}.Debug|x86.Deploy.0 = Debug|x86
		{C6BF54BE-0AC3-4BF5-B696-DDE94F5D7E6E}.Release|Any CPU.ActiveCfg = Release|x86
		{C6BF54BE-0AC3-4BF5-B696-DDE94F5D7E6E}.Release|ARM.ActiveCfg = Release|ARM
		{C6BF54BE-0AC3-4BF5-B696-DDE94F5D7E6E}.Release|ARM.Build.0 = Release|ARM
		{C6BF54BE-0AC3-4BF5-B696-DDE94F5D7E6E}.Release|ARM.Deploy.0 = Release|ARM
		{C6BF54BE-0AC3-4BF5-B696-DDE94F5D7E6E}.Release|ARM64.ActiveCfg = Release|ARM64
		{C6BF54BE-0AC3-4BF5-B696-DDE94F5D7E6E}.Release|ARM64.Build.0 = Release|ARM64
		{C6BF54BE-0AC3-4BF5-B696-DDE94F5D7E6E}.Release|ARM64.Deploy.0 = Release|ARM64
		{C6BF54BE-0AC3-4BF5-B696-DDE94F5D7E6E}.Release|x64.ActiveCfg = Release|x64
		{C6BF54BE-0AC3-4BF5-B696-DDE94F5D7E6E}.Release|x64.Build.0 = Release|x64
		{C6BF54BE-0AC3-4BF5-B696-DDE94F5D7E6E}.Release|x64.Deploy.0 = Release|x64
		{C6BF54BE-0AC3-4BF5-B696-DDE94F5D7E6E}.Release|x86.ActiveCfg = Release|x86
		{C6BF54BE-0AC3-4BF5-B696-DDE94F5D7E6E}.Release|x86.Build.0 = Release|x86
		{C6BF54BE-0AC3-4BF5-B696-DDE94F5D7E6E}.Release|x86.Deploy.0 = Release|x86
	EndGlobalSection
	GlobalSection(SolutionProperties) = preSolution
		HideSolutionNode = FALSE
	EndGlobalSection
	GlobalSection(ExtensibilityGlobals) = postSolution
		SolutionGuid = {8E8CE4D3-90ED-442F-87D6-75D036A29FF7}
	EndGlobalSection
EndGlobal
